// !$*UTF8*$!
{
	archiveVersion = 1;
	classes = {
	};
	objectVersion = 55;
	objects = {

/* Begin PBXBuildFile section */
		3F707A612892F5E000E48ECC /* Hacker_News_ReaderApp.swift in Sources */ = {isa = PBXBuildFile; fileRef = 3F707A602892F5E000E48ECC /* Hacker_News_ReaderApp.swift */; };
		3F707A632892F5E000E48ECC /* ContentView.swift in Sources */ = {isa = PBXBuildFile; fileRef = 3F707A622892F5E000E48ECC /* ContentView.swift */; };
		3F707A652892F5E100E48ECC /* Assets.xcassets in Resources */ = {isa = PBXBuildFile; fileRef = 3F707A642892F5E100E48ECC /* Assets.xcassets */; };
		3F707A682892F5E100E48ECC /* Preview Assets.xcassets in Resources */ = {isa = PBXBuildFile; fileRef = 3F707A672892F5E100E48ECC /* Preview Assets.xcassets */; };
		3F707A722892F5E100E48ECC /* Hacker_News_ReaderTests.swift in Sources */ = {isa = PBXBuildFile; fileRef = 3F707A712892F5E100E48ECC /* Hacker_News_ReaderTests.swift */; };
		3F707A7C2892F5E100E48ECC /* Hacker_News_ReaderUITests.swift in Sources */ = {isa = PBXBuildFile; fileRef = 3F707A7B2892F5E100E48ECC /* Hacker_News_ReaderUITests.swift */; };
		3F707A7E2892F5E100E48ECC /* Hacker_News_ReaderUITestsLaunchTests.swift in Sources */ = {isa = PBXBuildFile; fileRef = 3F707A7D2892F5E100E48ECC /* Hacker_News_ReaderUITestsLaunchTests.swift */; };
/* End PBXBuildFile section */

/* Begin PBXContainerItemProxy section */
		3F707A6E2892F5E100E48ECC /* PBXContainerItemProxy */ = {
			isa = PBXContainerItemProxy;
			containerPortal = 3F707A552892F5E000E48ECC /* Project object */;
			proxyType = 1;
			remoteGlobalIDString = 3F707A5C2892F5E000E48ECC;
			remoteInfo = "Hacker News Reader";
		};
		3F707A782892F5E100E48ECC /* PBXContainerItemProxy */ = {
			isa = PBXContainerItemProxy;
			containerPortal = 3F707A552892F5E000E48ECC /* Project object */;
			proxyType = 1;
			remoteGlobalIDString = 3F707A5C2892F5E000E48ECC;
			remoteInfo = "Hacker News Reader";
		};
/* End PBXContainerItemProxy section */

/* Begin PBXFileReference section */
		3F707A5D2892F5E000E48ECC /* Hacker News Reader.app */ = {isa = PBXFileReference; explicitFileType = wrapper.application; includeInIndex = 0; path = "Hacker News Reader.app"; sourceTree = BUILT_PRODUCTS_DIR; };
		3F707A602892F5E000E48ECC /* Hacker_News_ReaderApp.swift */ = {isa = PBXFileReference; lastKnownFileType = sourcecode.swift; path = Hacker_News_ReaderApp.swift; sourceTree = "<group>"; };
		3F707A622892F5E000E48ECC /* ContentView.swift */ = {isa = PBXFileReference; lastKnownFileType = sourcecode.swift; path = ContentView.swift; sourceTree = "<group>"; };
		3F707A642892F5E100E48ECC /* Assets.xcassets */ = {isa = PBXFileReference; lastKnownFileType = folder.assetcatalog; path = Assets.xcassets; sourceTree = "<group>"; };
		3F707A672892F5E100E48ECC /* Preview Assets.xcassets */ = {isa = PBXFileReference; lastKnownFileType = folder.assetcatalog; path = "Preview Assets.xcassets"; sourceTree = "<group>"; };
		3F707A6D2892F5E100E48ECC /* Hacker News ReaderTests.xctest */ = {isa = PBXFileReference; explicitFileType = wrapper.cfbundle; includeInIndex = 0; path = "Hacker News ReaderTests.xctest"; sourceTree = BUILT_PRODUCTS_DIR; };
		3F707A712892F5E100E48ECC /* Hacker_News_ReaderTests.swift */ = {isa = PBXFileReference; lastKnownFileType = sourcecode.swift; path = Hacker_News_ReaderTests.swift; sourceTree = "<group>"; };
		3F707A772892F5E100E48ECC /* Hacker News ReaderUITests.xctest */ = {isa = PBXFileReference; explicitFileType = wrapper.cfbundle; includeInIndex = 0; path = "Hacker News ReaderUITests.xctest"; sourceTree = BUILT_PRODUCTS_DIR; };
		3F707A7B2892F5E100E48ECC /* Hacker_News_ReaderUITests.swift */ = {isa = PBXFileReference; lastKnownFileType = sourcecode.swift; path = Hacker_News_ReaderUITests.swift; sourceTree = "<group>"; };
		3F707A7D2892F5E100E48ECC /* Hacker_News_ReaderUITestsLaunchTests.swift */ = {isa = PBXFileReference; lastKnownFileType = sourcecode.swift; path = Hacker_News_ReaderUITestsLaunchTests.swift; sourceTree = "<group>"; };
/* End PBXFileReference section */

/* Begin PBXFrameworksBuildPhase section */
		3F707A5A2892F5E000E48ECC /* Frameworks */ = {
			isa = PBXFrameworksBuildPhase;
			buildActionMask = 2147483647;
			files = (
			);
			runOnlyForDeploymentPostprocessing = 0;
		};
		3F707A6A2892F5E100E48ECC /* Frameworks */ = {
			isa = PBXFrameworksBuildPhase;
			buildActionMask = 2147483647;
			files = (
			);
			runOnlyForDeploymentPostprocessing = 0;
		};
		3F707A742892F5E100E48ECC /* Frameworks */ = {
			isa = PBXFrameworksBuildPhase;
			buildActionMask = 2147483647;
			files = (
			);
			runOnlyForDeploymentPostprocessing = 0;
		};
/* End PBXFrameworksBuildPhase section */

/* Begin PBXGroup section */
		3F707A542892F5E000E48ECC = {
			isa = PBXGroup;
			children = (
				3F707A5F2892F5E000E48ECC /* Hacker News Reader */,
				3F707A702892F5E100E48ECC /* Hacker News ReaderTests */,
				3F707A7A2892F5E100E48ECC /* Hacker News ReaderUITests */,
				3F707A5E2892F5E000E48ECC /* Products */,
			);
			sourceTree = "<group>";
		};
		3F707A5E2892F5E000E48ECC /* Products */ = {
			isa = PBXGroup;
			children = (
				3F707A5D2892F5E000E48ECC /* Hacker News Reader.app */,
				3F707A6D2892F5E100E48ECC /* Hacker News ReaderTests.xctest */,
				3F707A772892F5E100E48ECC /* Hacker News ReaderUITests.xctest */,
			);
			name = Products;
			sourceTree = "<group>";
		};
		3F707A5F2892F5E000E48ECC /* Hacker News Reader */ = {
			isa = PBXGroup;
			children = (
				3F707A602892F5E000E48ECC /* Hacker_News_ReaderApp.swift */,
				3F707A622892F5E000E48ECC /* ContentView.swift */,
				3F707A642892F5E100E48ECC /* Assets.xcassets */,
				3F707A662892F5E100E48ECC /* Preview Content */,
			);
			path = "Hacker News Reader";
			sourceTree = "<group>";
		};
		3F707A662892F5E100E48ECC /* Preview Content */ = {
			isa = PBXGroup;
			children = (
				3F707A672892F5E100E48ECC /* Preview Assets.xcassets */,
			);
			path = "Preview Content";
			sourceTree = "<group>";
		};
		3F707A702892F5E100E48ECC /* Hacker News ReaderTests */ = {
			isa = PBXGroup;
			children = (
				3F707A712892F5E100E48ECC /* Hacker_News_ReaderTests.swift */,
			);
			path = "Hacker News ReaderTests";
			sourceTree = "<group>";
		};
		3F707A7A2892F5E100E48ECC /* Hacker News ReaderUITests */ = {
			isa = PBXGroup;
			children = (
				3F707A7B2892F5E100E48ECC /* Hacker_News_ReaderUITests.swift */,
				3F707A7D2892F5E100E48ECC /* Hacker_News_ReaderUITestsLaunchTests.swift */,
			);
			path = "Hacker News ReaderUITests";
			sourceTree = "<group>";
		};
/* End PBXGroup section */

/* Begin PBXNativeTarget section */
		3F707A5C2892F5E000E48ECC /* Hacker News Reader */ = {
			isa = PBXNativeTarget;
			buildConfigurationList = 3F707A812892F5E100E48ECC /* Build configuration list for PBXNativeTarget "Hacker News Reader" */;
			buildPhases = (
				3F707A592892F5E000E48ECC /* Sources */,
				3F707A5A2892F5E000E48ECC /* Frameworks */,
				3F707A5B2892F5E000E48ECC /* Resources */,
			);
			buildRules = (
			);
			dependencies = (
			);
			name = "Hacker News Reader";
			productName = "Hacker News Reader";
			productReference = 3F707A5D2892F5E000E48ECC /* Hacker News Reader.app */;
			productType = "com.apple.product-type.application";
		};
		3F707A6C2892F5E100E48ECC /* Hacker News ReaderTests */ = {
			isa = PBXNativeTarget;
			buildConfigurationList = 3F707A842892F5E100E48ECC /* Build configuration list for PBXNativeTarget "Hacker News ReaderTests" */;
			buildPhases = (
				3F707A692892F5E100E48ECC /* Sources */,
				3F707A6A2892F5E100E48ECC /* Frameworks */,
				3F707A6B2892F5E100E48ECC /* Resources */,
			);
			buildRules = (
			);
			dependencies = (
				3F707A6F2892F5E100E48ECC /* PBXTargetDependency */,
			);
			name = "Hacker News ReaderTests";
			productName = "Hacker News ReaderTests";
			productReference = 3F707A6D2892F5E100E48ECC /* Hacker News ReaderTests.xctest */;
			productType = "com.apple.product-type.bundle.unit-test";
		};
		3F707A762892F5E100E48ECC /* Hacker News ReaderUITests */ = {
			isa = PBXNativeTarget;
			buildConfigurationList = 3F707A872892F5E100E48ECC /* Build configuration list for PBXNativeTarget "Hacker News ReaderUITests" */;
			buildPhases = (
				3F707A732892F5E100E48ECC /* Sources */,
				3F707A742892F5E100E48ECC /* Frameworks */,
				3F707A752892F5E100E48ECC /* Resources */,
			);
			buildRules = (
			);
			dependencies = (
				3F707A792892F5E100E48ECC /* PBXTargetDependency */,
			);
			name = "Hacker News ReaderUITests";
			productName = "Hacker News ReaderUITests";
			productReference = 3F707A772892F5E100E48ECC /* Hacker News ReaderUITests.xctest */;
			productType = "com.apple.product-type.bundle.ui-testing";
		};
/* End PBXNativeTarget section */

/* Begin PBXProject section */
		3F707A552892F5E000E48ECC /* Project object */ = {
			isa = PBXProject;
			attributes = {
				BuildIndependentTargetsInParallel = 1;
				LastSwiftUpdateCheck = 1340;
				LastUpgradeCheck = 1340;
				TargetAttributes = {
					3F707A5C2892F5E000E48ECC = {
						CreatedOnToolsVersion = 13.4.1;
					};
					3F707A6C2892F5E100E48ECC = {
						CreatedOnToolsVersion = 13.4.1;
						TestTargetID = 3F707A5C2892F5E000E48ECC;
					};
					3F707A762892F5E100E48ECC = {
						CreatedOnToolsVersion = 13.4.1;
						TestTargetID = 3F707A5C2892F5E000E48ECC;
					};
				};
			};
			buildConfigurationList = 3F707A582892F5E000E48ECC /* Build configuration list for PBXProject "Hacker News Reader" */;
			compatibilityVersion = "Xcode 13.0";
			developmentRegion = en;
			hasScannedForEncodings = 0;
			knownRegions = (
				en,
				Base,
			);
			mainGroup = 3F707A542892F5E000E48ECC;
			productRefGroup = 3F707A5E2892F5E000E48ECC /* Products */;
			projectDirPath = "";
			projectRoot = "";
			targets = (
				3F707A5C2892F5E000E48ECC /* Hacker News Reader */,
				3F707A6C2892F5E100E48ECC /* Hacker News ReaderTests */,
				3F707A762892F5E100E48ECC /* Hacker News ReaderUITests */,
			);
		};
/* End PBXProject section */

/* Begin PBXResourcesBuildPhase section */
		3F707A5B2892F5E000E48ECC /* Resources */ = {
			isa = PBXResourcesBuildPhase;
			buildActionMask = 2147483647;
			files = (
				3F707A682892F5E100E48ECC /* Preview Assets.xcassets in Resources */,
				3F707A652892F5E100E48ECC /* Assets.xcassets in Resources */,
			);
			runOnlyForDeploymentPostprocessing = 0;
		};
		3F707A6B2892F5E100E48ECC /* Resources */ = {
			isa = PBXResourcesBuildPhase;
			buildActionMask = 2147483647;
			files = (
			);
			runOnlyForDeploymentPostprocessing = 0;
		};
		3F707A752892F5E100E48ECC /* Resources */ = {
			isa = PBXResourcesBuildPhase;
			buildActionMask = 2147483647;
			files = (
			);
			runOnlyForDeploymentPostprocessing = 0;
		};
/* End PBXResourcesBuildPhase section */

/* Begin PBXSourcesBuildPhase section */
		3F707A592892F5E000E48ECC /* Sources */ = {
			isa = PBXSourcesBuildPhase;
			buildActionMask = 2147483647;
			files = (
				3F707A632892F5E000E48ECC /* ContentView.swift in Sources */,
				3F707A612892F5E000E48ECC /* Hacker_News_ReaderApp.swift in Sources */,
			);
			runOnlyForDeploymentPostprocessing = 0;
		};
		3F707A692892F5E100E48ECC /* Sources */ = {
			isa = PBXSourcesBuildPhase;
			buildActionMask = 2147483647;
			files = (
				3F707A722892F5E100E48ECC /* Hacker_News_ReaderTests.swift in Sources */,
			);
			runOnlyForDeploymentPostprocessing = 0;
		};
		3F707A732892F5E100E48ECC /* Sources */ = {
			isa = PBXSourcesBuildPhase;
			buildActionMask = 2147483647;
			files = (
				3F707A7E2892F5E100E48ECC /* Hacker_News_ReaderUITestsLaunchTests.swift in Sources */,
				3F707A7C2892F5E100E48ECC /* Hacker_News_ReaderUITests.swift in Sources */,
			);
			runOnlyForDeploymentPostprocessing = 0;
		};
/* End PBXSourcesBuildPhase section */

/* Begin PBXTargetDependency section */
		3F707A6F2892F5E100E48ECC /* PBXTargetDependency */ = {
			isa = PBXTargetDependency;
			target = 3F707A5C2892F5E000E48ECC /* Hacker News Reader */;
			targetProxy = 3F707A6E2892F5E100E48ECC /* PBXContainerItemProxy */;
		};
		3F707A792892F5E100E48ECC /* PBXTargetDependency */ = {
			isa = PBXTargetDependency;
			target = 3F707A5C2892F5E000E48ECC /* Hacker News Reader */;
			targetProxy = 3F707A782892F5E100E48ECC /* PBXContainerItemProxy */;
		};
/* End PBXTargetDependency section */

/* Begin XCBuildConfiguration section */
		3F707A7F2892F5E100E48ECC /* Debug */ = {
			isa = XCBuildConfiguration;
			buildSettings = {
				ALWAYS_SEARCH_USER_PATHS = NO;
				CLANG_ANALYZER_NONNULL = YES;
				CLANG_ANALYZER_NUMBER_OBJECT_CONVERSION = YES_AGGRESSIVE;
				CLANG_CXX_LANGUAGE_STANDARD = "gnu++17";
				CLANG_ENABLE_MODULES = YES;
				CLANG_ENABLE_OBJC_ARC = YES;
				CLANG_ENABLE_OBJC_WEAK = YES;
				CLANG_WARN_BLOCK_CAPTURE_AUTORELEASING = YES;
				CLANG_WARN_BOOL_CONVERSION = YES;
				CLANG_WARN_COMMA = YES;
				CLANG_WARN_CONSTANT_CONVERSION = YES;
				CLANG_WARN_DEPRECATED_OBJC_IMPLEMENTATIONS = YES;
				CLANG_WARN_DIRECT_OBJC_ISA_USAGE = YES_ERROR;
				CLANG_WARN_DOCUMENTATION_COMMENTS = YES;
				CLANG_WARN_EMPTY_BODY = YES;
				CLANG_WARN_ENUM_CONVERSION = YES;
				CLANG_WARN_INFINITE_RECURSION = YES;
				CLANG_WARN_INT_CONVERSION = YES;
				CLANG_WARN_NON_LITERAL_NULL_CONVERSION = YES;
				CLANG_WARN_OBJC_IMPLICIT_RETAIN_SELF = YES;
				CLANG_WARN_OBJC_LITERAL_CONVERSION = YES;
				CLANG_WARN_OBJC_ROOT_CLASS = YES_ERROR;
				CLANG_WARN_QUOTED_INCLUDE_IN_FRAMEWORK_HEADER = YES;
				CLANG_WARN_RANGE_LOOP_ANALYSIS = YES;
				CLANG_WARN_STRICT_PROTOTYPES = YES;
				CLANG_WARN_SUSPICIOUS_MOVE = YES;
				CLANG_WARN_UNGUARDED_AVAILABILITY = YES_AGGRESSIVE;
				CLANG_WARN_UNREACHABLE_CODE = YES;
				CLANG_WARN__DUPLICATE_METHOD_MATCH = YES;
				COPY_PHASE_STRIP = NO;
				DEBUG_INFORMATION_FORMAT = dwarf;
				ENABLE_STRICT_OBJC_MSGSEND = YES;
				ENABLE_TESTABILITY = YES;
				GCC_C_LANGUAGE_STANDARD = gnu11;
				GCC_DYNAMIC_NO_PIC = NO;
				GCC_NO_COMMON_BLOCKS = YES;
				GCC_OPTIMIZATION_LEVEL = 0;
				GCC_PREPROCESSOR_DEFINITIONS = (
					"DEBUG=1",
					"$(inherited)",
				);
				GCC_WARN_64_TO_32_BIT_CONVERSION = YES;
				GCC_WARN_ABOUT_RETURN_TYPE = YES_ERROR;
				GCC_WARN_UNDECLARED_SELECTOR = YES;
				GCC_WARN_UNINITIALIZED_AUTOS = YES_AGGRESSIVE;
				GCC_WARN_UNUSED_FUNCTION = YES;
				GCC_WARN_UNUSED_VARIABLE = YES;
				IPHONEOS_DEPLOYMENT_TARGET = 15.5;
				MTL_ENABLE_DEBUG_INFO = INCLUDE_SOURCE;
				MTL_FAST_MATH = YES;
				ONLY_ACTIVE_ARCH = YES;
				SDKROOT = iphoneos;
				SWIFT_ACTIVE_COMPILATION_CONDITIONS = DEBUG;
				SWIFT_OPTIMIZATION_LEVEL = "-Onone";
			};
			name = Debug;
		};
		3F707A802892F5E100E48ECC /* Release */ = {
			isa = XCBuildConfiguration;
			buildSettings = {
				ALWAYS_SEARCH_USER_PATHS = NO;
				CLANG_ANALYZER_NONNULL = YES;
				CLANG_ANALYZER_NUMBER_OBJECT_CONVERSION = YES_AGGRESSIVE;
				CLANG_CXX_LANGUAGE_STANDARD = "gnu++17";
				CLANG_ENABLE_MODULES = YES;
				CLANG_ENABLE_OBJC_ARC = YES;
				CLANG_ENABLE_OBJC_WEAK = YES;
				CLANG_WARN_BLOCK_CAPTURE_AUTORELEASING = YES;
				CLANG_WARN_BOOL_CONVERSION = YES;
				CLANG_WARN_COMMA = YES;
				CLANG_WARN_CONSTANT_CONVERSION = YES;
				CLANG_WARN_DEPRECATED_OBJC_IMPLEMENTATIONS = YES;
				CLANG_WARN_DIRECT_OBJC_ISA_USAGE = YES_ERROR;
				CLANG_WARN_DOCUMENTATION_COMMENTS = YES;
				CLANG_WARN_EMPTY_BODY = YES;
				CLANG_WARN_ENUM_CONVERSION = YES;
				CLANG_WARN_INFINITE_RECURSION = YES;
				CLANG_WARN_INT_CONVERSION = YES;
				CLANG_WARN_NON_LITERAL_NULL_CONVERSION = YES;
				CLANG_WARN_OBJC_IMPLICIT_RETAIN_SELF = YES;
				CLANG_WARN_OBJC_LITERAL_CONVERSION = YES;
				CLANG_WARN_OBJC_ROOT_CLASS = YES_ERROR;
				CLANG_WARN_QUOTED_INCLUDE_IN_FRAMEWORK_HEADER = YES;
				CLANG_WARN_RANGE_LOOP_ANALYSIS = YES;
				CLANG_WARN_STRICT_PROTOTYPES = YES;
				CLANG_WARN_SUSPICIOUS_MOVE = YES;
				CLANG_WARN_UNGUARDED_AVAILABILITY = YES_AGGRESSIVE;
				CLANG_WARN_UNREACHABLE_CODE = YES;
				CLANG_WARN__DUPLICATE_METHOD_MATCH = YES;
				COPY_PHASE_STRIP = NO;
				DEBUG_INFORMATION_FORMAT = "dwarf-with-dsym";
				ENABLE_NS_ASSERTIONS = NO;
				ENABLE_STRICT_OBJC_MSGSEND = YES;
				GCC_C_LANGUAGE_STANDARD = gnu11;
				GCC_NO_COMMON_BLOCKS = YES;
				GCC_WARN_64_TO_32_BIT_CONVERSION = YES;
				GCC_WARN_ABOUT_RETURN_TYPE = YES_ERROR;
				GCC_WARN_UNDECLARED_SELECTOR = YES;
				GCC_WARN_UNINITIALIZED_AUTOS = YES_AGGRESSIVE;
				GCC_WARN_UNUSED_FUNCTION = YES;
				GCC_WARN_UNUSED_VARIABLE = YES;
				IPHONEOS_DEPLOYMENT_TARGET = 15.5;
				MTL_ENABLE_DEBUG_INFO = NO;
				MTL_FAST_MATH = YES;
				SDKROOT = iphoneos;
				SWIFT_COMPILATION_MODE = wholemodule;
				SWIFT_OPTIMIZATION_LEVEL = "-O";
				VALIDATE_PRODUCT = YES;
			};
			name = Release;
		};
		3F707A822892F5E100E48ECC /* Debug */ = {
			isa = XCBuildConfiguration;
			buildSettings = {
				ASSETCATALOG_COMPILER_APPICON_NAME = AppIcon;
				ASSETCATALOG_COMPILER_GLOBAL_ACCENT_COLOR_NAME = AccentColor;
				CODE_SIGN_STYLE = Automatic;
				CURRENT_PROJECT_VERSION = 1;
				DEVELOPMENT_ASSET_PATHS = "\"Hacker News Reader/Preview Content\"";
				DEVELOPMENT_TEAM = S6W4N4GVTU;
				ENABLE_PREVIEWS = YES;
				GENERATE_INFOPLIST_FILE = YES;
				INFOPLIST_KEY_UIApplicationSceneManifest_Generation = YES;
				INFOPLIST_KEY_UIApplicationSupportsIndirectInputEvents = YES;
				INFOPLIST_KEY_UILaunchScreen_Generation = YES;
				INFOPLIST_KEY_UISupportedInterfaceOrientations_iPad = "UIInterfaceOrientationPortrait UIInterfaceOrientationPortraitUpsideDown UIInterfaceOrientationLandscapeLeft UIInterfaceOrientationLandscapeRight";
				INFOPLIST_KEY_UISupportedInterfaceOrientations_iPhone = "UIInterfaceOrientationPortrait UIInterfaceOrientationLandscapeLeft UIInterfaceOrientationLandscapeRight";
				LD_RUNPATH_SEARCH_PATHS = (
					"$(inherited)",
					"@executable_path/Frameworks",
				);
				MARKETING_VERSION = 1.0;
				PRODUCT_BUNDLE_IDENTIFIER = "com.dtech.Hacker-News-Reader";
				PRODUCT_NAME = "$(TARGET_NAME)";
				SWIFT_EMIT_LOC_STRINGS = YES;
				SWIFT_VERSION = 5.0;
				TARGETED_DEVICE_FAMILY = "1,2";
			};
			name = Debug;
		};
		3F707A832892F5E100E48ECC /* Release */ = {
			isa = XCBuildConfiguration;
			buildSettings = {
				ASSETCATALOG_COMPILER_APPICON_NAME = AppIcon;
				ASSETCATALOG_COMPILER_GLOBAL_ACCENT_COLOR_NAME = AccentColor;
				CODE_SIGN_STYLE = Automatic;
				CURRENT_PROJECT_VERSION = 1;
				DEVELOPMENT_ASSET_PATHS = "\"Hacker News Reader/Preview Content\"";
				DEVELOPMENT_TEAM = S6W4N4GVTU;
				ENABLE_PREVIEWS = YES;
				GENERATE_INFOPLIST_FILE = YES;
				INFOPLIST_KEY_UIApplicationSceneManifest_Generation = YES;
				INFOPLIST_KEY_UIApplicationSupportsIndirectInputEvents = YES;
				INFOPLIST_KEY_UILaunchScreen_Generation = YES;
				INFOPLIST_KEY_UISupportedInterfaceOrientations_iPad = "UIInterfaceOrientationPortrait UIInterfaceOrientationPortraitUpsideDown UIInterfaceOrientationLandscapeLeft UIInterfaceOrientationLandscapeRight";
				INFOPLIST_KEY_UISupportedInterfaceOrientations_iPhone = "UIInterfaceOrientationPortrait UIInterfaceOrientationLandscapeLeft UIInterfaceOrientationLandscapeRight";
				LD_RUNPATH_SEARCH_PATHS = (
					"$(inherited)",
					"@executable_path/Frameworks",
				);
				MARKETING_VERSION = 1.0;
				PRODUCT_BUNDLE_IDENTIFIER = "com.dtech.Hacker-News-Reader";
				PRODUCT_NAME = "$(TARGET_NAME)";
				SWIFT_EMIT_LOC_STRINGS = YES;
				SWIFT_VERSION = 5.0;
				TARGETED_DEVICE_FAMILY = "1,2";
			};
			name = Release;
		};
		3F707A852892F5E100E48ECC /* Debug */ = {
			isa = XCBuildConfiguration;
			buildSettings = {
				ALWAYS_EMBED_SWIFT_STANDARD_LIBRARIES = YES;
				BUNDLE_LOADER = "$(TEST_HOST)";
				CODE_SIGN_STYLE = Automatic;
				CURRENT_PROJECT_VERSION = 1;
				DEVELOPMENT_TEAM = S6W4N4GVTU;
				GENERATE_INFOPLIST_FILE = YES;
				IPHONEOS_DEPLOYMENT_TARGET = 15.5;
				MARKETING_VERSION = 1.0;
				PRODUCT_BUNDLE_IDENTIFIER = "com.dtech.Hacker-News-ReaderTests";
				PRODUCT_NAME = "$(TARGET_NAME)";
				SWIFT_EMIT_LOC_STRINGS = NO;
				SWIFT_VERSION = 5.0;
				TARGETED_DEVICE_FAMILY = "1,2";
				TEST_HOST = "$(BUILT_PRODUCTS_DIR)/Hacker News Reader.app/Hacker News Reader";
			};
			name = Debug;
		};
		3F707A862892F5E100E48ECC /* Release */ = {
			isa = XCBuildConfiguration;
			buildSettings = {
				ALWAYS_EMBED_SWIFT_STANDARD_LIBRARIES = YES;
				BUNDLE_LOADER = "$(TEST_HOST)";
				CODE_SIGN_STYLE = Automatic;
				CURRENT_PROJECT_VERSION = 1;
				DEVELOPMENT_TEAM = S6W4N4GVTU;
				GENERATE_INFOPLIST_FILE = YES;
				IPHONEOS_DEPLOYMENT_TARGET = 15.5;
				MARKETING_VERSION = 1.0;
				PRODUCT_BUNDLE_IDENTIFIER = "com.dtech.Hacker-News-ReaderTests";
				PRODUCT_NAME = "$(TARGET_NAME)";
				SWIFT_EMIT_LOC_STRINGS = NO;
				SWIFT_VERSION = 5.0;
				TARGETED_DEVICE_FAMILY = "1,2";
				TEST_HOST = "$(BUILT_PRODUCTS_DIR)/Hacker News Reader.app/Hacker News Reader";
			};
			name = Release;
		};
		3F707A882892F5E100E48ECC /* Debug */ = {
			isa = XCBuildConfiguration;
			buildSettings = {
				ALWAYS_EMBED_SWIFT_STANDARD_LIBRARIES = YES;
				CODE_SIGN_STYLE = Automatic;
				CURRENT_PROJECT_VERSION = 1;
				DEVELOPMENT_TEAM = S6W4N4GVTU;
				GENERATE_INFOPLIST_FILE = YES;
				MARKETING_VERSION = 1.0;
				PRODUCT_BUNDLE_IDENTIFIER = "com.dtech.Hacker-News-ReaderUITests";
				PRODUCT_NAME = "$(TARGET_NAME)";
				SWIFT_EMIT_LOC_STRINGS = NO;
				SWIFT_VERSION = 5.0;
				TARGETED_DEVICE_FAMILY = "1,2";
				TEST_TARGET_NAME = "Hacker News Reader";
			};
			name = Debug;
		};
		3F707A892892F5E100E48ECC /* Release */ = {
			isa = XCBuildConfiguration;
			buildSettings = {
				ALWAYS_EMBED_SWIFT_STANDARD_LIBRARIES = YES;
				CODE_SIGN_STYLE = Automatic;
				CURRENT_PROJECT_VERSION = 1;
				DEVELOPMENT_TEAM = S6W4N4GVTU;
				GENERATE_INFOPLIST_FILE = YES;
				MARKETING_VERSION = 1.0;
				PRODUCT_BUNDLE_IDENTIFIER = "com.dtech.Hacker-News-ReaderUITests";
				PRODUCT_NAME = "$(TARGET_NAME)";
				SWIFT_EMIT_LOC_STRINGS = NO;
				SWIFT_VERSION = 5.0;
				TARGETED_DEVICE_FAMILY = "1,2";
				TEST_TARGET_NAME = "Hacker News Reader";
			};
			name = Release;
		};
/* End XCBuildConfiguration section */

/* Begin XCConfigurationList section */
		3F707A582892F5E000E48ECC /* Build configuration list for PBXProject "Hacker News Reader" */ = {
			isa = XCConfigurationList;
			buildConfigurations = (
				3F707A7F2892F5E100E48ECC /* Debug */,
				3F707A802892F5E100E48ECC /* Release */,
			);
			defaultConfigurationIsVisible = 0;
			defaultConfigurationName = Release;
		};
		3F707A812892F5E100E48ECC /* Build configuration list for PBXNativeTarget "Hacker News Reader" */ = {
			isa = XCConfigurationList;
			buildConfigurations = (
				3F707A822892F5E100E48ECC /* Debug */,
				3F707A832892F5E100E48ECC /* Release */,
			);
			defaultConfigurationIsVisible = 0;
			defaultConfigurationName = Release;
		};
		3F707A842892F5E100E48ECC /* Build configuration list for PBXNativeTarget "Hacker News ReaderTests" */ = {
			isa = XCConfigurationList;
			buildConfigurations = (
				3F707A852892F5E100E48ECC /* Debug */,
				3F707A862892F5E100E48ECC /* Release */,
			);
			defaultConfigurationIsVisible = 0;
			defaultConfigurationName = Release;
		};
		3F707A872892F5E100E48ECC /* Build configuration list for PBXNativeTarget "Hacker News ReaderUITests" */ = {
			isa = XCConfigurationList;
			buildConfigurations = (
				3F707A882892F5E100E48ECC /* Debug */,
				3F707A892892F5E100E48ECC /* Release */,
			);
			defaultConfigurationIsVisible = 0;
			defaultConfigurationName = Release;
		};
/* End XCConfigurationList section */
	};
	rootObject = 3F707A552892F5E000E48ECC /* Project object */;
}
